
Microsoft Visual Studio Solution File, Format Version 12.00
# Visual Studio Version 17
VisualStudioVersion = 17.6.33815.320
MinimumVisualStudioVersion = 10.0.40219.1
Project("{FAE04EC0-301F-11D3-BF4B-00C04F79EFBC}") = "MarketSimulation", "MarketSimulation\MarketSimulation.csproj", "{C5BE0435-FFB4-462C-A476-9722E09E3BBC}"
EndProject
Global
	GlobalSection(SolutionConfigurationPlatforms) = preSolution
		Debug|Any CPU = Debug|Any CPU
		Release|Any CPU = Release|Any CPU
	EndGlobalSection
	GlobalSection(ProjectConfigurationPlatforms) = postSolution
		{C5BE0435-FFB4-462C-A476-9722E09E3BBC}.Debug|Any CPU.ActiveCfg = Debug|Any CPU
		{C5BE0435-FFB4-462C-A476-9722E09E3BBC}.Debug|Any CPU.Build.0 = Debug|Any CPU
		{C5BE0435-FFB4-462C-A476-9722E09E3BBC}.Release|Any CPU.ActiveCfg = Release|Any CPU
		{C5BE0435-FFB4-462C-A476-9722E09E3BBC}.Release|Any CPU.Build.0 = Release|Any CPU
	EndGlobalSection
	GlobalSection(SolutionProperties) = preSolution
		HideSolutionNode = FALSE
	EndGlobalSection
	GlobalSection(ExtensibilityGlobals) = postSolution
		SolutionGuid = {894284FA-96A9-472F-806F-44C21B85757B}
	EndGlobalSection
EndGlobal
